[{<<"cqerl">>,
  {git,"git://github.com/matehat/cqerl",
       {ref,"6ba55fa6ecbd37de86cff99f9a96b810cb01f1ec"}},
  0},
 {<<"lz4">>,
  {git,"https://github.com/szktty/erlang-lz4.git",
       {ref,"30878eafeff35939052c2cafe17d21c95029d3a1"}},
  1},
 {<<"pooler">>,
  {git,"https://github.com/seth/pooler.git",
       {ref,"b6c522a67a1d067122705ef725535a8664dd8514"}},
  1},
 {<<"quickrand">>,
  {git,"https://github.com/okeuday/quickrand.git",
       {ref,"3eadabe05bddbffe9e3d5cf17a9384319d8756a1"}},
  2},
 {<<"re2">>,
  {git,"https://github.com/tuncer/re2.git",
       {ref,"348a582ef40fad53c2e77d58c252524a251ab23f"}},
  1},
 {<<"semver">>,
  {git,"https://github.com/nebularis/semver.git",
       {ref,"c7d509f38298ec6594be4efdcd8a8f2322760039"}},
  1},
 {<<"snappy">>,
  {git,"https://github.com/fdmanana/snappy-erlang-nif.git",
       {ref,"4e3b8611b6a1ff85a417b0f2fad8886c9485810e"}},
  1},
 {<<"uuid">>,
  {git,"https://github.com/okeuday/uuid.git",
       {ref,"41e4e0edc4fe6291227b3fe74f7c2362f2525b21"}},
  1}].
